
Microsoft Visual Studio Solution File, Format Version 12.00
# Visual Studio Version 16
VisualStudioVersion = 16.0.28922.388
MinimumVisualStudioVersion = 10.0.40219.1
Project("{2150E333-8FDC-42A3-9474-1A3956D46DE8}") = "ApiGateways", "ApiGateways", "{0928514C-8A57-4D95-B6A0-ABD34B5106FD}"
EndProject
Project("{2150E333-8FDC-42A3-9474-1A3956D46DE8}") = "BuildingBlocks", "BuildingBlocks", "{9B26CC9B-4466-437B-9600-A125361E5401}"
EndProject
Project("{2150E333-8FDC-42A3-9474-1A3956D46DE8}") = "Services", "Services", "{FE1BA1DF-3D02-41BE-9554-5437AC4412E0}"
EndProject
Project("{2150E333-8FDC-42A3-9474-1A3956D46DE8}") = "WebApps", "WebApps", "{D7413414-9CF3-40CA-8E14-8B9AA58183C5}"
EndProject
Project("{9A19103F-16F7-4668-BE54-9A1E7A4F7556}") = "WebMVC", "src\WebApps\WebMVC\WebMVC.csproj", "{A59739ED-5EBA-4EF7-AF5B-29D5A9ED8EA0}"
EndProject
Project("{9A19103F-16F7-4668-BE54-9A1E7A4F7556}") = "Gateway.API", "src\ApiGateways\Gateway.API\Gateway.API.csproj", "{99D4907B-308A-490B-BD7D-86F7058FFEEB}"
EndProject
Project("{2150E333-8FDC-42A3-9474-1A3956D46DE8}") = "Order", "Order", "{0637F7E0-D56D-4A19-A3D8-CDE1FC08144D}"
EndProject
Project("{9A19103F-16F7-4668-BE54-9A1E7A4F7556}") = "Ordering.Domain", "src\Services\Order\Ordering.Domain\Ordering.Domain.csproj", "{5ACFD40C-CFB8-4FF9-8BB3-32069C49BF2F}"
EndProject
Project("{9A19103F-16F7-4668-BE54-9A1E7A4F7556}") = "Ordering.Infrastructure", "src\Services\Order\Ordering.Infrastructure\Ordering.Infrastructure.csproj", "{D940AE41-925B-4937-8BEC-153A9FAF1DB3}"
EndProject
Project("{9A19103F-16F7-4668-BE54-9A1E7A4F7556}") = "Order.API", "src\Services\Order\Order.API\Order.API.csproj", "{8B3FA273-5B9B-486C-94FA-8D8D858438A9}"
EndProject
Project("{2150E333-8FDC-42A3-9474-1A3956D46DE8}") = "EventBus", "EventBus", "{280E3FDB-D875-4F8D-849F-282DDC79BD19}"
EndProject
Project("{2150E333-8FDC-42A3-9474-1A3956D46DE8}") = "src", "src", "{4CCBD3A8-D8E4-433F-A871-D65C4A480BC0}"
EndProject
Project("{FAE04EC0-301F-11D3-BF4B-00C04F79EFBC}") = "EventBus.Core", "src\BuildingBlocks\EventBus\EventBus.Core\EventBus.Core.csproj", "{4302BD13-F1F6-4CE6-A43A-FEC3C5911E84}"
EndProject
Project("{FAE04EC0-301F-11D3-BF4B-00C04F79EFBC}") = "EventBus.RabbitMQ", "src\BuildingBlocks\EventBus\EventBus.RabbitMQ\EventBus.RabbitMQ.csproj", "{71D767ED-6EDF-4630-980D-0EA3741AAF28}"
EndProject
Global
	GlobalSection(SolutionConfigurationPlatforms) = preSolution
		Debug|Any CPU = Debug|Any CPU
		Release|Any CPU = Release|Any CPU
	EndGlobalSection
	GlobalSection(ProjectConfigurationPlatforms) = postSolution
		{A59739ED-5EBA-4EF7-AF5B-29D5A9ED8EA0}.Debug|Any CPU.ActiveCfg = Debug|Any CPU
		{A59739ED-5EBA-4EF7-AF5B-29D5A9ED8EA0}.Debug|Any CPU.Build.0 = Debug|Any CPU
		{A59739ED-5EBA-4EF7-AF5B-29D5A9ED8EA0}.Release|Any CPU.ActiveCfg = Release|Any CPU
		{A59739ED-5EBA-4EF7-AF5B-29D5A9ED8EA0}.Release|Any CPU.Build.0 = Release|Any CPU
		{99D4907B-308A-490B-BD7D-86F7058FFEEB}.Debug|Any CPU.ActiveCfg = Debug|Any CPU
		{99D4907B-308A-490B-BD7D-86F7058FFEEB}.Debug|Any CPU.Build.0 = Debug|Any CPU
		{99D4907B-308A-490B-BD7D-86F7058FFEEB}.Release|Any CPU.ActiveCfg = Release|Any CPU
		{99D4907B-308A-490B-BD7D-86F7058FFEEB}.Release|Any CPU.Build.0 = Release|Any CPU
		{5ACFD40C-CFB8-4FF9-8BB3-32069C49BF2F}.Debug|Any CPU.ActiveCfg = Debug|Any CPU
		{5ACFD40C-CFB8-4FF9-8BB3-32069C49BF2F}.Debug|Any CPU.Build.0 = Debug|Any CPU
		{5ACFD40C-CFB8-4FF9-8BB3-32069C49BF2F}.Release|Any CPU.ActiveCfg = Release|Any CPU
		{5ACFD40C-CFB8-4FF9-8BB3-32069C49BF2F}.Release|Any CPU.Build.0 = Release|Any CPU
		{D940AE41-925B-4937-8BEC-153A9FAF1DB3}.Debug|Any CPU.ActiveCfg = Debug|Any CPU
		{D940AE41-925B-4937-8BEC-153A9FAF1DB3}.Debug|Any CPU.Build.0 = Debug|Any CPU
		{D940AE41-925B-4937-8BEC-153A9FAF1DB3}.Release|Any CPU.ActiveCfg = Release|Any CPU
		{D940AE41-925B-4937-8BEC-153A9FAF1DB3}.Release|Any CPU.Build.0 = Release|Any CPU
		{8B3FA273-5B9B-486C-94FA-8D8D858438A9}.Debug|Any CPU.ActiveCfg = Debug|Any CPU
		{8B3FA273-5B9B-486C-94FA-8D8D858438A9}.Debug|Any CPU.Build.0 = Debug|Any CPU
		{8B3FA273-5B9B-486C-94FA-8D8D858438A9}.Release|Any CPU.ActiveCfg = Release|Any CPU
		{8B3FA273-5B9B-486C-94FA-8D8D858438A9}.Release|Any CPU.Build.0 = Release|Any CPU
		{4302BD13-F1F6-4CE6-A43A-FEC3C5911E84}.Debug|Any CPU.ActiveCfg = Debug|Any CPU
		{4302BD13-F1F6-4CE6-A43A-FEC3C5911E84}.Debug|Any CPU.Build.0 = Debug|Any CPU
		{4302BD13-F1F6-4CE6-A43A-FEC3C5911E84}.Release|Any CPU.ActiveCfg = Release|Any CPU
		{4302BD13-F1F6-4CE6-A43A-FEC3C5911E84}.Release|Any CPU.Build.0 = Release|Any CPU
		{71D767ED-6EDF-4630-980D-0EA3741AAF28}.Debug|Any CPU.ActiveCfg = Debug|Any CPU
		{71D767ED-6EDF-4630-980D-0EA3741AAF28}.Debug|Any CPU.Build.0 = Debug|Any CPU
		{71D767ED-6EDF-4630-980D-0EA3741AAF28}.Release|Any CPU.ActiveCfg = Release|Any CPU
		{71D767ED-6EDF-4630-980D-0EA3741AAF28}.Release|Any CPU.Build.0 = Release|Any CPU
	EndGlobalSection
	GlobalSection(SolutionProperties) = preSolution
		HideSolutionNode = FALSE
	EndGlobalSection
	GlobalSection(NestedProjects) = preSolution
		{0928514C-8A57-4D95-B6A0-ABD34B5106FD} = {4CCBD3A8-D8E4-433F-A871-D65C4A480BC0}
		{9B26CC9B-4466-437B-9600-A125361E5401} = {4CCBD3A8-D8E4-433F-A871-D65C4A480BC0}
		{FE1BA1DF-3D02-41BE-9554-5437AC4412E0} = {4CCBD3A8-D8E4-433F-A871-D65C4A480BC0}
		{D7413414-9CF3-40CA-8E14-8B9AA58183C5} = {4CCBD3A8-D8E4-433F-A871-D65C4A480BC0}
		{A59739ED-5EBA-4EF7-AF5B-29D5A9ED8EA0} = {D7413414-9CF3-40CA-8E14-8B9AA58183C5}
		{99D4907B-308A-490B-BD7D-86F7058FFEEB} = {0928514C-8A57-4D95-B6A0-ABD34B5106FD}
		{0637F7E0-D56D-4A19-A3D8-CDE1FC08144D} = {FE1BA1DF-3D02-41BE-9554-5437AC4412E0}
		{5ACFD40C-CFB8-4FF9-8BB3-32069C49BF2F} = {0637F7E0-D56D-4A19-A3D8-CDE1FC08144D}
		{D940AE41-925B-4937-8BEC-153A9FAF1DB3} = {0637F7E0-D56D-4A19-A3D8-CDE1FC08144D}
		{8B3FA273-5B9B-486C-94FA-8D8D858438A9} = {0637F7E0-D56D-4A19-A3D8-CDE1FC08144D}
		{280E3FDB-D875-4F8D-849F-282DDC79BD19} = {9B26CC9B-4466-437B-9600-A125361E5401}
		{4302BD13-F1F6-4CE6-A43A-FEC3C5911E84} = {280E3FDB-D875-4F8D-849F-282DDC79BD19}
		{71D767ED-6EDF-4630-980D-0EA3741AAF28} = {280E3FDB-D875-4F8D-849F-282DDC79BD19}
	EndGlobalSection
	GlobalSection(ExtensibilityGlobals) = postSolution
		SolutionGuid = {F433B66D-94D0-4306-B7E4-D0F8575D2E61}
	EndGlobalSection
EndGlobal
